
Microsoft Visual Studio Solution File, Format Version 12.00
# Visual Studio Version 16
VisualStudioVersion = 16.0.30621.155
MinimumVisualStudioVersion = 10.0.40219.1
Project("{FAE04EC0-301F-11D3-BF4B-00C04F79EFBC}") = "ControlFlow", "ControlFlow\ControlFlow.csproj", "{055D8AC4-3754-4EEC-8C95-21523458DB6B}"
EndProject
Project("{FAE04EC0-301F-11D3-BF4B-00C04F79EFBC}") = "ArraysAndLists", "ArraysAndLists\ArraysAndLists.csproj", "{F3C6A04F-D9BA-4D48-BBAD-267A96B04DC6}"
EndProject
Project("{FAE04EC0-301F-11D3-BF4B-00C04F79EFBC}") = "Strings", "Strings\Strings.csproj", "{BE99BBB0-D6E3-4E75-ABC4-EB182EE19328}"
EndProject
Project("{FAE04EC0-301F-11D3-BF4B-00C04F79EFBC}") = "WorkWithFiles", "WorkWithFiles\WorkWithFiles.csproj", "{26DCD9C4-1447-465B-9D71-5EF725BA4D7C}"
EndProject
Global
	GlobalSection(SolutionConfigurationPlatforms) = preSolution
		Debug|Any CPU = Debug|Any CPU
		Release|Any CPU = Release|Any CPU
	EndGlobalSection
	GlobalSection(ProjectConfigurationPlatforms) = postSolution
		{055D8AC4-3754-4EEC-8C95-21523458DB6B}.Debug|Any CPU.ActiveCfg = Debug|Any CPU
		{055D8AC4-3754-4EEC-8C95-21523458DB6B}.Debug|Any CPU.Build.0 = Debug|Any CPU
		{055D8AC4-3754-4EEC-8C95-21523458DB6B}.Release|Any CPU.ActiveCfg = Release|Any CPU
		{055D8AC4-3754-4EEC-8C95-21523458DB6B}.Release|Any CPU.Build.0 = Release|Any CPU
		{F3C6A04F-D9BA-4D48-BBAD-267A96B04DC6}.Debug|Any CPU.ActiveCfg = Debug|Any CPU
		{F3C6A04F-D9BA-4D48-BBAD-267A96B04DC6}.Debug|Any CPU.Build.0 = Debug|Any CPU
		{F3C6A04F-D9BA-4D48-BBAD-267A96B04DC6}.Release|Any CPU.ActiveCfg = Release|Any CPU
		{F3C6A04F-D9BA-4D48-BBAD-267A96B04DC6}.Release|Any CPU.Build.0 = Release|Any CPU
		{BE99BBB0-D6E3-4E75-ABC4-EB182EE19328}.Debug|Any CPU.ActiveCfg = Debug|Any CPU
		{BE99BBB0-D6E3-4E75-ABC4-EB182EE19328}.Debug|Any CPU.Build.0 = Debug|Any CPU
		{BE99BBB0-D6E3-4E75-ABC4-EB182EE19328}.Release|Any CPU.ActiveCfg = Release|Any CPU
		{BE99BBB0-D6E3-4E75-ABC4-EB182EE19328}.Release|Any CPU.Build.0 = Release|Any CPU
		{26DCD9C4-1447-465B-9D71-5EF725BA4D7C}.Debug|Any CPU.ActiveCfg = Debug|Any CPU
		{26DCD9C4-1447-465B-9D71-5EF725BA4D7C}.Debug|Any CPU.Build.0 = Debug|Any CPU
		{26DCD9C4-1447-465B-9D71-5EF725BA4D7C}.Release|Any CPU.ActiveCfg = Release|Any CPU
		{26DCD9C4-1447-465B-9D71-5EF725BA4D7C}.Release|Any CPU.Build.0 = Release|Any CPU
	EndGlobalSection
	GlobalSection(SolutionProperties) = preSolution
		HideSolutionNode = FALSE
	EndGlobalSection
	GlobalSection(ExtensibilityGlobals) = postSolution
		SolutionGuid = {8705EE05-A908-4363-AB2E-9AACA58D67F0}
	EndGlobalSection
EndGlobal
